<Solution>
  <Project Path="Blazor/Blazor.csproj" />
  <Project Path="Converter/Converter.csproj" Id="ff986303-1b34-4702-b42a-609fc7a31f1c" />
  <Project Path="Movies/Movies.csproj" Id="f79dd466-962d-44ce-9de0-d26e1847448a" />
  <Project Path="TODOlist/TODOlist.csproj" Id="f173dcd5-fe6e-4c1c-b3fb-ad4d0a8e9eb8" />
</Solution>
